
Microsoft Visual Studio Solution File, Format Version 12.00
# Visual Studio Version 17
VisualStudioVersion = 17.4.33122.133
MinimumVisualStudioVersion = 10.0.40219.1
Project("{9A19103F-16F7-4668-BE54-9A1E7A4F7556}") = "Encryptor", "Encryptor\Encryptor.csproj", "{5216AAF0-0FA0-403F-BB3C-F5EF4EBAC788}"
EndProject
Project("{FAE04EC0-301F-11D3-BF4B-00C04F79EFBC}") = "NotesUnitTests", "NotesUnitTests\NotesUnitTests.csproj", "{674458E4-7B82-4116-9175-8A6199406856}"
EndProject
Global
	GlobalSection(SolutionConfigurationPlatforms) = preSolution
		Debug|Any CPU = Debug|Any CPU
		Release|Any CPU = Release|Any CPU
	EndGlobalSection
	GlobalSection(ProjectConfigurationPlatforms) = postSolution
		{5216AAF0-0FA0-403F-BB3C-F5EF4EBAC788}.Debug|Any CPU.ActiveCfg = Debug|Any CPU
		{5216AAF0-0FA0-403F-BB3C-F5EF4EBAC788}.Debug|Any CPU.Build.0 = Debug|Any CPU
		{5216AAF0-0FA0-403F-BB3C-F5EF4EBAC788}.Release|Any CPU.ActiveCfg = Release|Any CPU
		{5216AAF0-0FA0-403F-BB3C-F5EF4EBAC788}.Release|Any CPU.Build.0 = Release|Any CPU
		{674458E4-7B82-4116-9175-8A6199406856}.Debug|Any CPU.ActiveCfg = Debug|Any CPU
		{674458E4-7B82-4116-9175-8A6199406856}.Debug|Any CPU.Build.0 = Debug|Any CPU
		{674458E4-7B82-4116-9175-8A6199406856}.Release|Any CPU.ActiveCfg = Release|Any CPU
		{674458E4-7B82-4116-9175-8A6199406856}.Release|Any CPU.Build.0 = Release|Any CPU
	EndGlobalSection
	GlobalSection(SolutionProperties) = preSolution
		HideSolutionNode = FALSE
	EndGlobalSection
	GlobalSection(ExtensibilityGlobals) = postSolution
		SolutionGuid = {F7441415-E6E7-4483-A19D-8507BCC801D1}
	EndGlobalSection
EndGlobal
